
Microsoft Visual Studio Solution File, Format Version 12.00
# Visual Studio Version 16
VisualStudioVersion = 16.0.30523.141
MinimumVisualStudioVersion = 10.0.40219.1
Project("{FAE04EC0-301F-11D3-BF4B-00C04F79EFBC}") = "Product_ManageMent", "Product_ManageMent\Product_ManageMent.csproj", "{A64F43AD-9492-4363-B394-C6161648C07A}"
EndProject
Global
	GlobalSection(SolutionConfigurationPlatforms) = preSolution
		Debug|Any CPU = Debug|Any CPU
		Release|Any CPU = Release|Any CPU
	EndGlobalSection
	GlobalSection(ProjectConfigurationPlatforms) = postSolution
		{A64F43AD-9492-4363-B394-C6161648C07A}.Debug|Any CPU.ActiveCfg = Debug|Any CPU
		{A64F43AD-9492-4363-B394-C6161648C07A}.Debug|Any CPU.Build.0 = Debug|Any CPU
		{A64F43AD-9492-4363-B394-C6161648C07A}.Release|Any CPU.ActiveCfg = Release|Any CPU
		{A64F43AD-9492-4363-B394-C6161648C07A}.Release|Any CPU.Build.0 = Release|Any CPU
	EndGlobalSection
	GlobalSection(SolutionProperties) = preSolution
		HideSolutionNode = FALSE
	EndGlobalSection
	GlobalSection(ExtensibilityGlobals) = postSolution
		SolutionGuid = {CE215C5C-2CAC-4907-8653-9F6CD5DC4FAE}
	EndGlobalSection
EndGlobal
